// !$*UTF8*$!
{
	archiveVersion = 1;
	classes = {
	};
	objectVersion = 50;
	objects = {

/* Begin PBXBuildFile section */
		651E83D425F8EE9000E4B6F2 /* TestClient.xcdatamodeld in Sources */ = {isa = PBXBuildFile; fileRef = 651E83D225F8EE9000E4B6F2 /* TestClient.xcdatamodeld */; };
		651E83EC25F9050B00E4B6F2 /* NetworkManager.swift in Sources */ = {isa = PBXBuildFile; fileRef = 651E83EB25F9050B00E4B6F2 /* NetworkManager.swift */; };
		651E83F025F9062C00E4B6F2 /* Contact.swift in Sources */ = {isa = PBXBuildFile; fileRef = 651E83EF25F9062C00E4B6F2 /* Contact.swift */; };
		651E83F325F9138400E4B6F2 /* DataManager.swift in Sources */ = {isa = PBXBuildFile; fileRef = 651E83F225F9138400E4B6F2 /* DataManager.swift */; };
		651E83FA25F9275F00E4B6F2 /* Box.swift in Sources */ = {isa = PBXBuildFile; fileRef = 651E83F925F9275F00E4B6F2 /* Box.swift */; };
		651E840C25F92CFD00E4B6F2 /* EntityConverter.swift in Sources */ = {isa = PBXBuildFile; fileRef = 651E840B25F92CFD00E4B6F2 /* EntityConverter.swift */; };
		651E841125F9345700E4B6F2 /* String+Helpers.swift in Sources */ = {isa = PBXBuildFile; fileRef = 651E841025F9345700E4B6F2 /* String+Helpers.swift */; };
		651E842525F95C9400E4B6F2 /* MissedCallCollectionViewCell.swift in Sources */ = {isa = PBXBuildFile; fileRef = 651E842425F95C9400E4B6F2 /* MissedCallCollectionViewCell.swift */; };
		651E842825F969A300E4B6F2 /* MissedCallCollectionViewController.swift in Sources */ = {isa = PBXBuildFile; fileRef = 651E842725F969A300E4B6F2 /* MissedCallCollectionViewController.swift */; };
		6563ACD124F97240000F56BE /* AppDelegate.swift in Sources */ = {isa = PBXBuildFile; fileRef = 6563ACD024F97240000F56BE /* AppDelegate.swift */; };
		6563ACD324F97240000F56BE /* SceneDelegate.swift in Sources */ = {isa = PBXBuildFile; fileRef = 6563ACD224F97240000F56BE /* SceneDelegate.swift */; };
		6563ACD824F97240000F56BE /* Main.storyboard in Resources */ = {isa = PBXBuildFile; fileRef = 6563ACD624F97240000F56BE /* Main.storyboard */; };
		6563ACDA24F9724A000F56BE /* Assets.xcassets in Resources */ = {isa = PBXBuildFile; fileRef = 6563ACD924F9724A000F56BE /* Assets.xcassets */; };
		6563ACDD24F9724A000F56BE /* LaunchScreen.storyboard in Resources */ = {isa = PBXBuildFile; fileRef = 6563ACDB24F9724A000F56BE /* LaunchScreen.storyboard */; };
		65D907E125F9F59C00D069CB /* DetailViewController.swift in Sources */ = {isa = PBXBuildFile; fileRef = 65D907E025F9F59C00D069CB /* DetailViewController.swift */; };
		65D907E425F9F5BB00D069CB /* DetailViewModel.swift in Sources */ = {isa = PBXBuildFile; fileRef = 65D907E325F9F5BB00D069CB /* DetailViewModel.swift */; };
		65D907EB25FA21EB00D069CB /* MissedCallCollectionViewModel.swift in Sources */ = {isa = PBXBuildFile; fileRef = 65D907EA25FA21EB00D069CB /* MissedCallCollectionViewModel.swift */; };
		65D907EF25FA2D8C00D069CB /* MissedCallCollectionViewCellModelProtocol.swift in Sources */ = {isa = PBXBuildFile; fileRef = 65D907EE25FA2D8C00D069CB /* MissedCallCollectionViewCellModelProtocol.swift */; };
		65D907F925FA3D9900D069CB /* MissedCallScreenBuilder.swift in Sources */ = {isa = PBXBuildFile; fileRef = 65D907F825FA3D9900D069CB /* MissedCallScreenBuilder.swift */; };
		65D9080025FA622A00D069CB /* Date+Helpers.swift in Sources */ = {isa = PBXBuildFile; fileRef = 65D907FF25FA622A00D069CB /* Date+Helpers.swift */; };
/* End PBXBuildFile section */

/* Begin PBXFileReference section */
		651E83D325F8EE9000E4B6F2 /* TestClient.xcdatamodel */ = {isa = PBXFileReference; lastKnownFileType = wrapper.xcdatamodel; path = TestClient.xcdatamodel; sourceTree = "<group>"; };
		651E83EB25F9050B00E4B6F2 /* NetworkManager.swift */ = {isa = PBXFileReference; lastKnownFileType = sourcecode.swift; path = NetworkManager.swift; sourceTree = "<group>"; };
		651E83EF25F9062C00E4B6F2 /* Contact.swift */ = {isa = PBXFileReference; lastKnownFileType = sourcecode.swift; path = Contact.swift; sourceTree = "<group>"; };
		651E83F225F9138400E4B6F2 /* DataManager.swift */ = {isa = PBXFileReference; lastKnownFileType = sourcecode.swift; path = DataManager.swift; sourceTree = "<group>"; };
		651E83F925F9275F00E4B6F2 /* Box.swift */ = {isa = PBXFileReference; lastKnownFileType = sourcecode.swift; path = Box.swift; sourceTree = "<group>"; };
		651E840B25F92CFD00E4B6F2 /* EntityConverter.swift */ = {isa = PBXFileReference; lastKnownFileType = sourcecode.swift; path = EntityConverter.swift; sourceTree = "<group>"; };
		651E841025F9345700E4B6F2 /* String+Helpers.swift */ = {isa = PBXFileReference; lastKnownFileType = sourcecode.swift; path = "String+Helpers.swift"; sourceTree = "<group>"; };
		651E842425F95C9400E4B6F2 /* MissedCallCollectionViewCell.swift */ = {isa = PBXFileReference; lastKnownFileType = sourcecode.swift; path = MissedCallCollectionViewCell.swift; sourceTree = "<group>"; };
		651E842725F969A300E4B6F2 /* MissedCallCollectionViewController.swift */ = {isa = PBXFileReference; lastKnownFileType = sourcecode.swift; path = MissedCallCollectionViewController.swift; sourceTree = "<group>"; };
		6563ACCD24F97240000F56BE /* TestClient.app */ = {isa = PBXFileReference; explicitFileType = wrapper.application; includeInIndex = 0; path = TestClient.app; sourceTree = BUILT_PRODUCTS_DIR; };
		6563ACD024F97240000F56BE /* AppDelegate.swift */ = {isa = PBXFileReference; lastKnownFileType = sourcecode.swift; path = AppDelegate.swift; sourceTree = "<group>"; };
		6563ACD224F97240000F56BE /* SceneDelegate.swift */ = {isa = PBXFileReference; lastKnownFileType = sourcecode.swift; path = SceneDelegate.swift; sourceTree = "<group>"; };
		6563ACD724F97240000F56BE /* Base */ = {isa = PBXFileReference; lastKnownFileType = file.storyboard; name = Base; path = Base.lproj/Main.storyboard; sourceTree = "<group>"; };
		6563ACD924F9724A000F56BE /* Assets.xcassets */ = {isa = PBXFileReference; lastKnownFileType = folder.assetcatalog; path = Assets.xcassets; sourceTree = "<group>"; };
		6563ACDC24F9724A000F56BE /* Base */ = {isa = PBXFileReference; lastKnownFileType = file.storyboard; name = Base; path = Base.lproj/LaunchScreen.storyboard; sourceTree = "<group>"; };
		6563ACDE24F9724A000F56BE /* Info.plist */ = {isa = PBXFileReference; lastKnownFileType = text.plist.xml; path = Info.plist; sourceTree = "<group>"; };
		65D907E025F9F59C00D069CB /* DetailViewController.swift */ = {isa = PBXFileReference; lastKnownFileType = sourcecode.swift; path = DetailViewController.swift; sourceTree = "<group>"; };
		65D907E325F9F5BB00D069CB /* DetailViewModel.swift */ = {isa = PBXFileReference; lastKnownFileType = sourcecode.swift; path = DetailViewModel.swift; sourceTree = "<group>"; };
		65D907EA25FA21EB00D069CB /* MissedCallCollectionViewModel.swift */ = {isa = PBXFileReference; lastKnownFileType = sourcecode.swift; path = MissedCallCollectionViewModel.swift; sourceTree = "<group>"; };
		65D907EE25FA2D8C00D069CB /* MissedCallCollectionViewCellModelProtocol.swift */ = {isa = PBXFileReference; lastKnownFileType = sourcecode.swift; path = MissedCallCollectionViewCellModelProtocol.swift; sourceTree = "<group>"; };
		65D907F825FA3D9900D069CB /* MissedCallScreenBuilder.swift */ = {isa = PBXFileReference; lastKnownFileType = sourcecode.swift; path = MissedCallScreenBuilder.swift; sourceTree = "<group>"; };
		65D907FF25FA622A00D069CB /* Date+Helpers.swift */ = {isa = PBXFileReference; lastKnownFileType = sourcecode.swift; path = "Date+Helpers.swift"; sourceTree = "<group>"; };
/* End PBXFileReference section */

/* Begin PBXFrameworksBuildPhase section */
		6563ACCA24F97240000F56BE /* Frameworks */ = {
			isa = PBXFrameworksBuildPhase;
			buildActionMask = 2147483647;
			files = (
			);
			runOnlyForDeploymentPostprocessing = 0;
		};
/* End PBXFrameworksBuildPhase section */

/* Begin PBXGroup section */
		650AA74D25FD578300008719 /* ViewModel */ = {
			isa = PBXGroup;
			children = (
				65D907EA25FA21EB00D069CB /* MissedCallCollectionViewModel.swift */,
				65D907EE25FA2D8C00D069CB /* MissedCallCollectionViewCellModelProtocol.swift */,
			);
			path = ViewModel;
			sourceTree = "<group>";
		};
		651E83D825F9022300E4B6F2 /* Application */ = {
			isa = PBXGroup;
			children = (
				651E83DC25F9027000E4B6F2 /* Controller */,
				651E83DB25F9026400E4B6F2 /* View */,
				651E83DA25F9023B00E4B6F2 /* Manager */,
				651E83D925F9023000E4B6F2 /* Model */,
			);
			path = Application;
			sourceTree = "<group>";
		};
		651E83D925F9023000E4B6F2 /* Model */ = {
			isa = PBXGroup;
			children = (
				651E840A25F92CD300E4B6F2 /* Helpers */,
				651E83F925F9275F00E4B6F2 /* Box.swift */,
			);
			path = Model;
			sourceTree = "<group>";
		};
		651E83DA25F9023B00E4B6F2 /* Manager */ = {
			isa = PBXGroup;
			children = (
				651E83EA25F904B700E4B6F2 /* Network */,
				651E83E825F903F300E4B6F2 /* Data */,
			);
			path = Manager;
			sourceTree = "<group>";
		};
		651E83DB25F9026400E4B6F2 /* View */ = {
			isa = PBXGroup;
			children = (
				6563ACDB24F9724A000F56BE /* LaunchScreen.storyboard */,
			);
			path = View;
			sourceTree = "<group>";
		};
		651E83DC25F9027000E4B6F2 /* Controller */ = {
			isa = PBXGroup;
			children = (
				6563ACD024F97240000F56BE /* AppDelegate.swift */,
				6563ACD224F97240000F56BE /* SceneDelegate.swift */,
			);
			path = Controller;
			sourceTree = "<group>";
		};
		651E83DD25F9027C00E4B6F2 /* MainScreen */ = {
			isa = PBXGroup;
			children = (
				650AA74D25FD578300008719 /* ViewModel */,
				651E83E125F9033C00E4B6F2 /* Model */,
				651E83E025F9033500E4B6F2 /* Controller */,
				651E83DF25F9032600E4B6F2 /* View */,
			);
			path = MainScreen;
			sourceTree = "<group>";
		};
		651E83DF25F9032600E4B6F2 /* View */ = {
			isa = PBXGroup;
			children = (
				6563ACD624F97240000F56BE /* Main.storyboard */,
				651E842425F95C9400E4B6F2 /* MissedCallCollectionViewCell.swift */,
			);
			path = View;
			sourceTree = "<group>";
		};
		651E83E025F9033500E4B6F2 /* Controller */ = {
			isa = PBXGroup;
			children = (
				651E842725F969A300E4B6F2 /* MissedCallCollectionViewController.swift */,
			);
			path = Controller;
			sourceTree = "<group>";
		};
		651E83E125F9033C00E4B6F2 /* Model */ = {
			isa = PBXGroup;
			children = (
				651E83EF25F9062C00E4B6F2 /* Contact.swift */,
				65D907F825FA3D9900D069CB /* MissedCallScreenBuilder.swift */,
			);
			path = Model;
			sourceTree = "<group>";
		};
		651E83E325F9035F00E4B6F2 /* DetailScreen */ = {
			isa = PBXGroup;
			children = (
				651E83E625F9039400E4B6F2 /* ViewModel */,
				651E83E525F9038D00E4B6F2 /* Controller */,
			);
			path = DetailScreen;
			sourceTree = "<group>";
		};
		651E83E525F9038D00E4B6F2 /* Controller */ = {
			isa = PBXGroup;
			children = (
				65D907E025F9F59C00D069CB /* DetailViewController.swift */,
			);
			path = Controller;
			sourceTree = "<group>";
		};
		651E83E625F9039400E4B6F2 /* ViewModel */ = {
			isa = PBXGroup;
			children = (
				65D907E325F9F5BB00D069CB /* DetailViewModel.swift */,
			);
			path = ViewModel;
			sourceTree = "<group>";
		};
		651E83E725F903C600E4B6F2 /* Supporting files */ = {
			isa = PBXGroup;
			children = (
				6563ACDE24F9724A000F56BE /* Info.plist */,
				6563ACD924F9724A000F56BE /* Assets.xcassets */,
			);
			path = "Supporting files";
			sourceTree = "<group>";
		};
		651E83E825F903F300E4B6F2 /* Data */ = {
			isa = PBXGroup;
			children = (
				651E83D225F8EE9000E4B6F2 /* TestClient.xcdatamodeld */,
				651E83F225F9138400E4B6F2 /* DataManager.swift */,
			);
			path = Data;
			sourceTree = "<group>";
		};
		651E83EA25F904B700E4B6F2 /* Network */ = {
			isa = PBXGroup;
			children = (
				651E83EB25F9050B00E4B6F2 /* NetworkManager.swift */,
			);
			path = Network;
			sourceTree = "<group>";
		};
		651E840A25F92CD300E4B6F2 /* Helpers */ = {
			isa = PBXGroup;
			children = (
				651E840B25F92CFD00E4B6F2 /* EntityConverter.swift */,
				651E841025F9345700E4B6F2 /* String+Helpers.swift */,
				65D907FF25FA622A00D069CB /* Date+Helpers.swift */,
			);
			path = Helpers;
			sourceTree = "<group>";
		};
		6563ACC424F97240000F56BE = {
			isa = PBXGroup;
			children = (
				6563ACCF24F97240000F56BE /* TestClient */,
				6563ACCE24F97240000F56BE /* Products */,
			);
			sourceTree = "<group>";
		};
		6563ACCE24F97240000F56BE /* Products */ = {
			isa = PBXGroup;
			children = (
				6563ACCD24F97240000F56BE /* TestClient.app */,
			);
			name = Products;
			sourceTree = "<group>";
		};
		6563ACCF24F97240000F56BE /* TestClient */ = {
			isa = PBXGroup;
			children = (
				651E83D825F9022300E4B6F2 /* Application */,
				651E83DD25F9027C00E4B6F2 /* MainScreen */,
				651E83E325F9035F00E4B6F2 /* DetailScreen */,
				651E83E725F903C600E4B6F2 /* Supporting files */,
			);
			path = TestClient;
			sourceTree = "<group>";
		};
/* End PBXGroup section */

/* Begin PBXNativeTarget section */
		6563ACCC24F97240000F56BE /* TestClient */ = {
			isa = PBXNativeTarget;
			buildConfigurationList = 6563ACE124F9724A000F56BE /* Build configuration list for PBXNativeTarget "TestClient" */;
			buildPhases = (
				6563ACC924F97240000F56BE /* Sources */,
				6563ACCA24F97240000F56BE /* Frameworks */,
				6563ACCB24F97240000F56BE /* Resources */,
			);
			buildRules = (
			);
			dependencies = (
			);
			name = TestClient;
			productName = TestClient;
			productReference = 6563ACCD24F97240000F56BE /* TestClient.app */;
			productType = "com.apple.product-type.application";
		};
/* End PBXNativeTarget section */

/* Begin PBXProject section */
		6563ACC524F97240000F56BE /* Project object */ = {
			isa = PBXProject;
			attributes = {
				LastSwiftUpdateCheck = 1160;
				LastUpgradeCheck = 1240;
				ORGANIZATIONNAME = SplitApp;
				TargetAttributes = {
					6563ACCC24F97240000F56BE = {
						CreatedOnToolsVersion = 11.6;
					};
				};
			};
			buildConfigurationList = 6563ACC824F97240000F56BE /* Build configuration list for PBXProject "TestClient" */;
			compatibilityVersion = "Xcode 9.3";
			developmentRegion = en;
			hasScannedForEncodings = 0;
			knownRegions = (
				en,
				Base,
			);
			mainGroup = 6563ACC424F97240000F56BE;
			productRefGroup = 6563ACCE24F97240000F56BE /* Products */;
			projectDirPath = "";
			projectRoot = "";
			targets = (
				6563ACCC24F97240000F56BE /* TestClient */,
			);
		};
/* End PBXProject section */

/* Begin PBXResourcesBuildPhase section */
		6563ACCB24F97240000F56BE /* Resources */ = {
			isa = PBXResourcesBuildPhase;
			buildActionMask = 2147483647;
			files = (
				6563ACDD24F9724A000F56BE /* LaunchScreen.storyboard in Resources */,
				6563ACDA24F9724A000F56BE /* Assets.xcassets in Resources */,
				6563ACD824F97240000F56BE /* Main.storyboard in Resources */,
			);
			runOnlyForDeploymentPostprocessing = 0;
		};
/* End PBXResourcesBuildPhase section */

/* Begin PBXSourcesBuildPhase section */
		6563ACC924F97240000F56BE /* Sources */ = {
			isa = PBXSourcesBuildPhase;
			buildActionMask = 2147483647;
			files = (
				65D907F925FA3D9900D069CB /* MissedCallScreenBuilder.swift in Sources */,
				65D907EB25FA21EB00D069CB /* MissedCallCollectionViewModel.swift in Sources */,
				65D907E125F9F59C00D069CB /* DetailViewController.swift in Sources */,
				651E83FA25F9275F00E4B6F2 /* Box.swift in Sources */,
				651E842825F969A300E4B6F2 /* MissedCallCollectionViewController.swift in Sources */,
				651E841125F9345700E4B6F2 /* String+Helpers.swift in Sources */,
				651E83F025F9062C00E4B6F2 /* Contact.swift in Sources */,
				65D907EF25FA2D8C00D069CB /* MissedCallCollectionViewCellModelProtocol.swift in Sources */,
				6563ACD124F97240000F56BE /* AppDelegate.swift in Sources */,
				651E842525F95C9400E4B6F2 /* MissedCallCollectionViewCell.swift in Sources */,
				651E83F325F9138400E4B6F2 /* DataManager.swift in Sources */,
				65D9080025FA622A00D069CB /* Date+Helpers.swift in Sources */,
				65D907E425F9F5BB00D069CB /* DetailViewModel.swift in Sources */,
				651E83EC25F9050B00E4B6F2 /* NetworkManager.swift in Sources */,
				651E83D425F8EE9000E4B6F2 /* TestClient.xcdatamodeld in Sources */,
				6563ACD324F97240000F56BE /* SceneDelegate.swift in Sources */,
				651E840C25F92CFD00E4B6F2 /* EntityConverter.swift in Sources */,
			);
			runOnlyForDeploymentPostprocessing = 0;
		};
/* End PBXSourcesBuildPhase section */

/* Begin PBXVariantGroup section */
		6563ACD624F97240000F56BE /* Main.storyboard */ = {
			isa = PBXVariantGroup;
			children = (
				6563ACD724F97240000F56BE /* Base */,
			);
			name = Main.storyboard;
			sourceTree = "<group>";
		};
		6563ACDB24F9724A000F56BE /* LaunchScreen.storyboard */ = {
			isa = PBXVariantGroup;
			children = (
				6563ACDC24F9724A000F56BE /* Base */,
			);
			name = LaunchScreen.storyboard;
			sourceTree = "<group>";
		};
/* End PBXVariantGroup section */

/* Begin XCBuildConfiguration section */
		6563ACDF24F9724A000F56BE /* Debug */ = {
			isa = XCBuildConfiguration;
			buildSettings = {
				ALWAYS_SEARCH_USER_PATHS = NO;
				CLANG_ANALYZER_NONNULL = YES;
				CLANG_ANALYZER_NUMBER_OBJECT_CONVERSION = YES_AGGRESSIVE;
				CLANG_CXX_LANGUAGE_STANDARD = "gnu++14";
				CLANG_CXX_LIBRARY = "libc++";
				CLANG_ENABLE_MODULES = YES;
				CLANG_ENABLE_OBJC_ARC = YES;
				CLANG_ENABLE_OBJC_WEAK = YES;
				CLANG_WARN_BLOCK_CAPTURE_AUTORELEASING = YES;
				CLANG_WARN_BOOL_CONVERSION = YES;
				CLANG_WARN_COMMA = YES;
				CLANG_WARN_CONSTANT_CONVERSION = YES;
				CLANG_WARN_DEPRECATED_OBJC_IMPLEMENTATIONS = YES;
				CLANG_WARN_DIRECT_OBJC_ISA_USAGE = YES_ERROR;
				CLANG_WARN_DOCUMENTATION_COMMENTS = YES;
				CLANG_WARN_EMPTY_BODY = YES;
				CLANG_WARN_ENUM_CONVERSION = YES;
				CLANG_WARN_INFINITE_RECURSION = YES;
				CLANG_WARN_INT_CONVERSION = YES;
				CLANG_WARN_NON_LITERAL_NULL_CONVERSION = YES;
				CLANG_WARN_OBJC_IMPLICIT_RETAIN_SELF = YES;
				CLANG_WARN_OBJC_LITERAL_CONVERSION = YES;
				CLANG_WARN_OBJC_ROOT_CLASS = YES_ERROR;
				CLANG_WARN_QUOTED_INCLUDE_IN_FRAMEWORK_HEADER = YES;
				CLANG_WARN_RANGE_LOOP_ANALYSIS = YES;
				CLANG_WARN_STRICT_PROTOTYPES = YES;
				CLANG_WARN_SUSPICIOUS_MOVE = YES;
				CLANG_WARN_UNGUARDED_AVAILABILITY = YES_AGGRESSIVE;
				CLANG_WARN_UNREACHABLE_CODE = YES;
				CLANG_WARN__DUPLICATE_METHOD_MATCH = YES;
				COPY_PHASE_STRIP = NO;
				DEBUG_INFORMATION_FORMAT = dwarf;
				ENABLE_STRICT_OBJC_MSGSEND = YES;
				ENABLE_TESTABILITY = YES;
				GCC_C_LANGUAGE_STANDARD = gnu11;
				GCC_DYNAMIC_NO_PIC = NO;
				GCC_NO_COMMON_BLOCKS = YES;
				GCC_OPTIMIZATION_LEVEL = 0;
				GCC_PREPROCESSOR_DEFINITIONS = (
					"DEBUG=1",
					"$(inherited)",
				);
				GCC_WARN_64_TO_32_BIT_CONVERSION = YES;
				GCC_WARN_ABOUT_RETURN_TYPE = YES_ERROR;
				GCC_WARN_UNDECLARED_SELECTOR = YES;
				GCC_WARN_UNINITIALIZED_AUTOS = YES_AGGRESSIVE;
				GCC_WARN_UNUSED_FUNCTION = YES;
				GCC_WARN_UNUSED_VARIABLE = YES;
				IPHONEOS_DEPLOYMENT_TARGET = 13.0;
				MTL_ENABLE_DEBUG_INFO = INCLUDE_SOURCE;
				MTL_FAST_MATH = YES;
				ONLY_ACTIVE_ARCH = YES;
				SDKROOT = iphoneos;
				SWIFT_ACTIVE_COMPILATION_CONDITIONS = DEBUG;
				SWIFT_OPTIMIZATION_LEVEL = "-Onone";
			};
			name = Debug;
		};
		6563ACE024F9724A000F56BE /* Release */ = {
			isa = XCBuildConfiguration;
			buildSettings = {
				ALWAYS_SEARCH_USER_PATHS = NO;
				CLANG_ANALYZER_NONNULL = YES;
				CLANG_ANALYZER_NUMBER_OBJECT_CONVERSION = YES_AGGRESSIVE;
				CLANG_CXX_LANGUAGE_STANDARD = "gnu++14";
				CLANG_CXX_LIBRARY = "libc++";
				CLANG_ENABLE_MODULES = YES;
				CLANG_ENABLE_OBJC_ARC = YES;
				CLANG_ENABLE_OBJC_WEAK = YES;
				CLANG_WARN_BLOCK_CAPTURE_AUTORELEASING = YES;
				CLANG_WARN_BOOL_CONVERSION = YES;
				CLANG_WARN_COMMA = YES;
				CLANG_WARN_CONSTANT_CONVERSION = YES;
				CLANG_WARN_DEPRECATED_OBJC_IMPLEMENTATIONS = YES;
				CLANG_WARN_DIRECT_OBJC_ISA_USAGE = YES_ERROR;
				CLANG_WARN_DOCUMENTATION_COMMENTS = YES;
				CLANG_WARN_EMPTY_BODY = YES;
				CLANG_WARN_ENUM_CONVERSION = YES;
				CLANG_WARN_INFINITE_RECURSION = YES;
				CLANG_WARN_INT_CONVERSION = YES;
				CLANG_WARN_NON_LITERAL_NULL_CONVERSION = YES;
				CLANG_WARN_OBJC_IMPLICIT_RETAIN_SELF = YES;
				CLANG_WARN_OBJC_LITERAL_CONVERSION = YES;
				CLANG_WARN_OBJC_ROOT_CLASS = YES_ERROR;
				CLANG_WARN_QUOTED_INCLUDE_IN_FRAMEWORK_HEADER = YES;
				CLANG_WARN_RANGE_LOOP_ANALYSIS = YES;
				CLANG_WARN_STRICT_PROTOTYPES = YES;
				CLANG_WARN_SUSPICIOUS_MOVE = YES;
				CLANG_WARN_UNGUARDED_AVAILABILITY = YES_AGGRESSIVE;
				CLANG_WARN_UNREACHABLE_CODE = YES;
				CLANG_WARN__DUPLICATE_METHOD_MATCH = YES;
				COPY_PHASE_STRIP = NO;
				DEBUG_INFORMATION_FORMAT = "dwarf-with-dsym";
				ENABLE_NS_ASSERTIONS = NO;
				ENABLE_STRICT_OBJC_MSGSEND = YES;
				GCC_C_LANGUAGE_STANDARD = gnu11;
				GCC_NO_COMMON_BLOCKS = YES;
				GCC_WARN_64_TO_32_BIT_CONVERSION = YES;
				GCC_WARN_ABOUT_RETURN_TYPE = YES_ERROR;
				GCC_WARN_UNDECLARED_SELECTOR = YES;
				GCC_WARN_UNINITIALIZED_AUTOS = YES_AGGRESSIVE;
				GCC_WARN_UNUSED_FUNCTION = YES;
				GCC_WARN_UNUSED_VARIABLE = YES;
				IPHONEOS_DEPLOYMENT_TARGET = 13.0;
				MTL_ENABLE_DEBUG_INFO = NO;
				MTL_FAST_MATH = YES;
				SDKROOT = iphoneos;
				SWIFT_COMPILATION_MODE = wholemodule;
				SWIFT_OPTIMIZATION_LEVEL = "-O";
				VALIDATE_PRODUCT = YES;
			};
			name = Release;
		};
		6563ACE224F9724A000F56BE /* Debug */ = {
			isa = XCBuildConfiguration;
			buildSettings = {
				ASSETCATALOG_COMPILER_APPICON_NAME = AppIcon;
				CODE_SIGN_STYLE = Automatic;
				DEVELOPMENT_TEAM = L2899MX3L7;
				INFOPLIST_FILE = "TestClient/Supporting files/Info.plist";
				LD_RUNPATH_SEARCH_PATHS = (
					"$(inherited)",
					"@executable_path/Frameworks",
				);
				PRODUCT_BUNDLE_IDENTIFIER = com.split8bit.TestClient;
				PRODUCT_NAME = "$(TARGET_NAME)";
				SWIFT_VERSION = 5.0;
				TARGETED_DEVICE_FAMILY = "1,2";
			};
			name = Debug;
		};
		6563ACE324F9724A000F56BE /* Release */ = {
			isa = XCBuildConfiguration;
			buildSettings = {
				ASSETCATALOG_COMPILER_APPICON_NAME = AppIcon;
				CODE_SIGN_STYLE = Automatic;
				DEVELOPMENT_TEAM = L2899MX3L7;
				INFOPLIST_FILE = "TestClient/Supporting files/Info.plist";
				LD_RUNPATH_SEARCH_PATHS = (
					"$(inherited)",
					"@executable_path/Frameworks",
				);
				PRODUCT_BUNDLE_IDENTIFIER = com.split8bit.TestClient;
				PRODUCT_NAME = "$(TARGET_NAME)";
				SWIFT_VERSION = 5.0;
				TARGETED_DEVICE_FAMILY = "1,2";
			};
			name = Release;
		};
/* End XCBuildConfiguration section */

/* Begin XCConfigurationList section */
		6563ACC824F97240000F56BE /* Build configuration list for PBXProject "TestClient" */ = {
			isa = XCConfigurationList;
			buildConfigurations = (
				6563ACDF24F9724A000F56BE /* Debug */,
				6563ACE024F9724A000F56BE /* Release */,
			);
			defaultConfigurationIsVisible = 0;
			defaultConfigurationName = Release;
		};
		6563ACE124F9724A000F56BE /* Build configuration list for PBXNativeTarget "TestClient" */ = {
			isa = XCConfigurationList;
			buildConfigurations = (
				6563ACE224F9724A000F56BE /* Debug */,
				6563ACE324F9724A000F56BE /* Release */,
			);
			defaultConfigurationIsVisible = 0;
			defaultConfigurationName = Release;
		};
/* End XCConfigurationList section */

/* Begin XCVersionGroup section */
		651E83D225F8EE9000E4B6F2 /* TestClient.xcdatamodeld */ = {
			isa = XCVersionGroup;
			children = (
				651E83D325F8EE9000E4B6F2 /* TestClient.xcdatamodel */,
			);
			currentVersion = 651E83D325F8EE9000E4B6F2 /* TestClient.xcdatamodel */;
			path = TestClient.xcdatamodeld;
			sourceTree = "<group>";
			versionGroupType = wrapper.xcdatamodel;
		};
/* End XCVersionGroup section */
	};
	rootObject = 6563ACC524F97240000F56BE /* Project object */;
}
